// !$*UTF8*$!
{
	archiveVersion = 1;
	classes = {
	};
	objectVersion = 50;
	objects = {

/* Begin PBXBuildFile section */
		15DDBCB52319375F000AD3D8 /* AppDelegate.m in Sources */ = {isa = PBXBuildFile; fileRef = 15DDBCB42319375F000AD3D8 /* AppDelegate.m */; };
		15DDBCC023193760000AD3D8 /* main.m in Sources */ = {isa = PBXBuildFile; fileRef = 15DDBCBF23193760000AD3D8 /* main.m */; };
		15DDBCCC23193806000AD3D8 /* SettingsWindowController.xib in Resources */ = {isa = PBXBuildFile; fileRef = 15DDBCC723193806000AD3D8 /* SettingsWindowController.xib */; };
		15DDBCCE23193806000AD3D8 /* SettingsWindowController.m in Sources */ = {isa = PBXBuildFile; fileRef = 15DDBCCA23193806000AD3D8 /* SettingsWindowController.m */; };
		15DDBCD7231938AE000AD3D8 /* Assets.xcassets in Resources */ = {isa = PBXBuildFile; fileRef = 15DDBCD4231938AE000AD3D8 /* Assets.xcassets */; };
		15DDBCD8231938AE000AD3D8 /* barIcon.png in Resources */ = {isa = PBXBuildFile; fileRef = 15DDBCD5231938AE000AD3D8 /* barIcon.png */; };
		15DDBCD9231938AE000AD3D8 /* default_report_data.plist in Resources */ = {isa = PBXBuildFile; fileRef = 15DDBCD6231938AE000AD3D8 /* default_report_data.plist */; };
		15DDBCDC23193968000AD3D8 /* Main.storyboard in Resources */ = {isa = PBXBuildFile; fileRef = 15DDBCDA23193968000AD3D8 /* Main.storyboard */; };
/* End PBXBuildFile section */

/* Begin PBXFileReference section */
		15DDBCB02319375F000AD3D8 /* c12tt.app */ = {isa = PBXFileReference; explicitFileType = wrapper.application; includeInIndex = 0; path = c12tt.app; sourceTree = BUILT_PRODUCTS_DIR; };
		15DDBCB32319375F000AD3D8 /* AppDelegate.h */ = {isa = PBXFileReference; lastKnownFileType = sourcecode.c.h; path = AppDelegate.h; sourceTree = "<group>"; };
		15DDBCB42319375F000AD3D8 /* AppDelegate.m */ = {isa = PBXFileReference; lastKnownFileType = sourcecode.c.objc; path = AppDelegate.m; sourceTree = "<group>"; };
		15DDBCBE23193760000AD3D8 /* Info.plist */ = {isa = PBXFileReference; lastKnownFileType = text.plist.xml; path = Info.plist; sourceTree = "<group>"; };
		15DDBCBF23193760000AD3D8 /* main.m */ = {isa = PBXFileReference; lastKnownFileType = sourcecode.c.objc; path = main.m; sourceTree = "<group>"; };
		15DDBCC123193760000AD3D8 /* c12tt.entitlements */ = {isa = PBXFileReference; lastKnownFileType = text.plist.entitlements; path = c12tt.entitlements; sourceTree = "<group>"; };
		15DDBCC723193806000AD3D8 /* SettingsWindowController.xib */ = {isa = PBXFileReference; fileEncoding = 4; lastKnownFileType = file.xib; path = SettingsWindowController.xib; sourceTree = "<group>"; };
		15DDBCCA23193806000AD3D8 /* SettingsWindowController.m */ = {isa = PBXFileReference; fileEncoding = 4; lastKnownFileType = sourcecode.c.objc; path = SettingsWindowController.m; sourceTree = "<group>"; };
		15DDBCCB23193806000AD3D8 /* SettingsWindowController.h */ = {isa = PBXFileReference; fileEncoding = 4; lastKnownFileType = sourcecode.c.h; path = SettingsWindowController.h; sourceTree = "<group>"; };
		15DDBCD4231938AE000AD3D8 /* Assets.xcassets */ = {isa = PBXFileReference; lastKnownFileType = folder.assetcatalog; path = Assets.xcassets; sourceTree = "<group>"; };
		15DDBCD5231938AE000AD3D8 /* barIcon.png */ = {isa = PBXFileReference; lastKnownFileType = image.png; path = barIcon.png; sourceTree = "<group>"; };
		15DDBCD6231938AE000AD3D8 /* default_report_data.plist */ = {isa = PBXFileReference; fileEncoding = 4; lastKnownFileType = text.plist.xml; path = default_report_data.plist; sourceTree = "<group>"; };
		15DDBCDB23193968000AD3D8 /* Base */ = {isa = PBXFileReference; lastKnownFileType = file.storyboard; name = Base; path = Base.lproj/Main.storyboard; sourceTree = "<group>"; };
/* End PBXFileReference section */

/* Begin PBXFrameworksBuildPhase section */
		15DDBCAD2319375F000AD3D8 /* Frameworks */ = {
			isa = PBXFrameworksBuildPhase;
			buildActionMask = 2147483647;
			files = (
			);
			runOnlyForDeploymentPostprocessing = 0;
		};
/* End PBXFrameworksBuildPhase section */

/* Begin PBXGroup section */
		15DDBCA72319375F000AD3D8 = {
			isa = PBXGroup;
			children = (
				15DDBCB22319375F000AD3D8 /* c12tt */,
				15DDBCB12319375F000AD3D8 /* Products */,
			);
			sourceTree = "<group>";
		};
		15DDBCB12319375F000AD3D8 /* Products */ = {
			isa = PBXGroup;
			children = (
				15DDBCB02319375F000AD3D8 /* c12tt.app */,
			);
			name = Products;
			sourceTree = "<group>";
		};
		15DDBCB22319375F000AD3D8 /* c12tt */ = {
			isa = PBXGroup;
			children = (
				15DDBCB32319375F000AD3D8 /* AppDelegate.h */,
				15DDBCB42319375F000AD3D8 /* AppDelegate.m */,
				15DDBCCB23193806000AD3D8 /* SettingsWindowController.h */,
				15DDBCCA23193806000AD3D8 /* SettingsWindowController.m */,
				15DDBCC723193806000AD3D8 /* SettingsWindowController.xib */,
				15DDBCDA23193968000AD3D8 /* Main.storyboard */,
				15DDBCBE23193760000AD3D8 /* Info.plist */,
				15DDBCBF23193760000AD3D8 /* main.m */,
				15DDBCC123193760000AD3D8 /* c12tt.entitlements */,
				15DDBCD3231938AE000AD3D8 /* Resources */,
			);
			path = c12tt;
			sourceTree = "<group>";
		};
		15DDBCD3231938AE000AD3D8 /* Resources */ = {
			isa = PBXGroup;
			children = (
				15DDBCD4231938AE000AD3D8 /* Assets.xcassets */,
				15DDBCD5231938AE000AD3D8 /* barIcon.png */,
				15DDBCD6231938AE000AD3D8 /* default_report_data.plist */,
			);
			path = Resources;
			sourceTree = "<group>";
		};
/* End PBXGroup section */

/* Begin PBXNativeTarget section */
		15DDBCAF2319375F000AD3D8 /* c12tt */ = {
			isa = PBXNativeTarget;
			buildConfigurationList = 15DDBCC423193760000AD3D8 /* Build configuration list for PBXNativeTarget "c12tt" */;
			buildPhases = (
				15DDBCAC2319375F000AD3D8 /* Sources */,
				15DDBCAD2319375F000AD3D8 /* Frameworks */,
				15DDBCAE2319375F000AD3D8 /* Resources */,
			);
			buildRules = (
			);
			dependencies = (
			);
			name = c12tt;
			productName = c12tt;
			productReference = 15DDBCB02319375F000AD3D8 /* c12tt.app */;
			productType = "com.apple.product-type.application";
		};
/* End PBXNativeTarget section */

/* Begin PBXProject section */
		15DDBCA82319375F000AD3D8 /* Project object */ = {
			isa = PBXProject;
			attributes = {
				LastUpgradeCheck = 1020;
				ORGANIZATIONNAME = c12;
				TargetAttributes = {
					15DDBCAF2319375F000AD3D8 = {
						CreatedOnToolsVersion = 10.2.1;
					};
				};
			};
			buildConfigurationList = 15DDBCAB2319375F000AD3D8 /* Build configuration list for PBXProject "c12tt" */;
			compatibilityVersion = "Xcode 9.3";
			developmentRegion = en;
			hasScannedForEncodings = 0;
			knownRegions = (
				en,
				Base,
			);
			mainGroup = 15DDBCA72319375F000AD3D8;
			productRefGroup = 15DDBCB12319375F000AD3D8 /* Products */;
			projectDirPath = "";
			projectRoot = "";
			targets = (
				15DDBCAF2319375F000AD3D8 /* c12tt */,
			);
		};
/* End PBXProject section */

/* Begin PBXResourcesBuildPhase section */
		15DDBCAE2319375F000AD3D8 /* Resources */ = {
			isa = PBXResourcesBuildPhase;
			buildActionMask = 2147483647;
			files = (
				15DDBCD8231938AE000AD3D8 /* barIcon.png in Resources */,
				15DDBCDC23193968000AD3D8 /* Main.storyboard in Resources */,
				15DDBCCC23193806000AD3D8 /* SettingsWindowController.xib in Resources */,
				15DDBCD7231938AE000AD3D8 /* Assets.xcassets in Resources */,
				15DDBCD9231938AE000AD3D8 /* default_report_data.plist in Resources */,
			);
			runOnlyForDeploymentPostprocessing = 0;
		};
/* End PBXResourcesBuildPhase section */

/* Begin PBXSourcesBuildPhase section */
		15DDBCAC2319375F000AD3D8 /* Sources */ = {
			isa = PBXSourcesBuildPhase;
			buildActionMask = 2147483647;
			files = (
				15DDBCCE23193806000AD3D8 /* SettingsWindowController.m in Sources */,
				15DDBCC023193760000AD3D8 /* main.m in Sources */,
				15DDBCB52319375F000AD3D8 /* AppDelegate.m in Sources */,
			);
			runOnlyForDeploymentPostprocessing = 0;
		};
/* End PBXSourcesBuildPhase section */

/* Begin PBXVariantGroup section */
		15DDBCDA23193968000AD3D8 /* Main.storyboard */ = {
			isa = PBXVariantGroup;
			children = (
				15DDBCDB23193968000AD3D8 /* Base */,
			);
			name = Main.storyboard;
			sourceTree = "<group>";
		};
/* End PBXVariantGroup section */

/* Begin XCBuildConfiguration section */
		15DDBCC223193760000AD3D8 /* Debug */ = {
			isa = XCBuildConfiguration;
			buildSettings = {
				ALWAYS_SEARCH_USER_PATHS = NO;
				CLANG_ANALYZER_NONNULL = YES;
				CLANG_ANALYZER_NUMBER_OBJECT_CONVERSION = YES_AGGRESSIVE;
				CLANG_CXX_LANGUAGE_STANDARD = "gnu++14";
				CLANG_CXX_LIBRARY = "libc++";
				CLANG_ENABLE_MODULES = YES;
				CLANG_ENABLE_OBJC_ARC = YES;
				CLANG_ENABLE_OBJC_WEAK = YES;
				CLANG_WARN_BLOCK_CAPTURE_AUTORELEASING = YES;
				CLANG_WARN_BOOL_CONVERSION = YES;
				CLANG_WARN_COMMA = YES;
				CLANG_WARN_CONSTANT_CONVERSION = YES;
				CLANG_WARN_DEPRECATED_OBJC_IMPLEMENTATIONS = YES;
				CLANG_WARN_DIRECT_OBJC_ISA_USAGE = YES_ERROR;
				CLANG_WARN_DOCUMENTATION_COMMENTS = YES;
				CLANG_WARN_EMPTY_BODY = YES;
				CLANG_WARN_ENUM_CONVERSION = YES;
				CLANG_WARN_INFINITE_RECURSION = YES;
				CLANG_WARN_INT_CONVERSION = YES;
				CLANG_WARN_NON_LITERAL_NULL_CONVERSION = YES;
				CLANG_WARN_OBJC_IMPLICIT_RETAIN_SELF = YES;
				CLANG_WARN_OBJC_LITERAL_CONVERSION = YES;
				CLANG_WARN_OBJC_ROOT_CLASS = YES_ERROR;
				CLANG_WARN_RANGE_LOOP_ANALYSIS = YES;
				CLANG_WARN_STRICT_PROTOTYPES = YES;
				CLANG_WARN_SUSPICIOUS_MOVE = YES;
				CLANG_WARN_UNGUARDED_AVAILABILITY = YES_AGGRESSIVE;
				CLANG_WARN_UNREACHABLE_CODE = YES;
				CLANG_WARN__DUPLICATE_METHOD_MATCH = YES;
				CODE_SIGN_IDENTITY = "Mac Developer";
				COPY_PHASE_STRIP = NO;
				DEBUG_INFORMATION_FORMAT = dwarf;
				ENABLE_STRICT_OBJC_MSGSEND = YES;
				ENABLE_TESTABILITY = YES;
				GCC_C_LANGUAGE_STANDARD = gnu11;
				GCC_DYNAMIC_NO_PIC = NO;
				GCC_NO_COMMON_BLOCKS = YES;
				GCC_OPTIMIZATION_LEVEL = 0;
				GCC_PREPROCESSOR_DEFINITIONS = (
					"DEBUG=1",
					"$(inherited)",
				);
				GCC_WARN_64_TO_32_BIT_CONVERSION = YES;
				GCC_WARN_ABOUT_RETURN_TYPE = YES_ERROR;
				GCC_WARN_UNDECLARED_SELECTOR = YES;
				GCC_WARN_UNINITIALIZED_AUTOS = YES_AGGRESSIVE;
				GCC_WARN_UNUSED_FUNCTION = YES;
				GCC_WARN_UNUSED_VARIABLE = YES;
				MACOSX_DEPLOYMENT_TARGET = 10.14;
				MTL_ENABLE_DEBUG_INFO = INCLUDE_SOURCE;
				MTL_FAST_MATH = YES;
				ONLY_ACTIVE_ARCH = YES;
				SDKROOT = macosx;
			};
			name = Debug;
		};
		15DDBCC323193760000AD3D8 /* Release */ = {
			isa = XCBuildConfiguration;
			buildSettings = {
				ALWAYS_SEARCH_USER_PATHS = NO;
				CLANG_ANALYZER_NONNULL = YES;
				CLANG_ANALYZER_NUMBER_OBJECT_CONVERSION = YES_AGGRESSIVE;
				CLANG_CXX_LANGUAGE_STANDARD = "gnu++14";
				CLANG_CXX_LIBRARY = "libc++";
				CLANG_ENABLE_MODULES = YES;
				CLANG_ENABLE_OBJC_ARC = YES;
				CLANG_ENABLE_OBJC_WEAK = YES;
				CLANG_WARN_BLOCK_CAPTURE_AUTORELEASING = YES;
				CLANG_WARN_BOOL_CONVERSION = YES;
				CLANG_WARN_COMMA = YES;
				CLANG_WARN_CONSTANT_CONVERSION = YES;
				CLANG_WARN_DEPRECATED_OBJC_IMPLEMENTATIONS = YES;
				CLANG_WARN_DIRECT_OBJC_ISA_USAGE = YES_ERROR;
				CLANG_WARN_DOCUMENTATION_COMMENTS = YES;
				CLANG_WARN_EMPTY_BODY = YES;
				CLANG_WARN_ENUM_CONVERSION = YES;
				CLANG_WARN_INFINITE_RECURSION = YES;
				CLANG_WARN_INT_CONVERSION = YES;
				CLANG_WARN_NON_LITERAL_NULL_CONVERSION = YES;
				CLANG_WARN_OBJC_IMPLICIT_RETAIN_SELF = YES;
				CLANG_WARN_OBJC_LITERAL_CONVERSION = YES;
				CLANG_WARN_OBJC_ROOT_CLASS = YES_ERROR;
				CLANG_WARN_RANGE_LOOP_ANALYSIS = YES;
				CLANG_WARN_STRICT_PROTOTYPES = YES;
				CLANG_WARN_SUSPICIOUS_MOVE = YES;
				CLANG_WARN_UNGUARDED_AVAILABILITY = YES_AGGRESSIVE;
				CLANG_WARN_UNREACHABLE_CODE = YES;
				CLANG_WARN__DUPLICATE_METHOD_MATCH = YES;
				CODE_SIGN_IDENTITY = "Mac Developer";
				COPY_PHASE_STRIP = NO;
				DEBUG_INFORMATION_FORMAT = "dwarf-with-dsym";
				ENABLE_NS_ASSERTIONS = NO;
				ENABLE_STRICT_OBJC_MSGSEND = YES;
				GCC_C_LANGUAGE_STANDARD = gnu11;
				GCC_NO_COMMON_BLOCKS = YES;
				GCC_WARN_64_TO_32_BIT_CONVERSION = YES;
				GCC_WARN_ABOUT_RETURN_TYPE = YES_ERROR;
				GCC_WARN_UNDECLARED_SELECTOR = YES;
				GCC_WARN_UNINITIALIZED_AUTOS = YES_AGGRESSIVE;
				GCC_WARN_UNUSED_FUNCTION = YES;
				GCC_WARN_UNUSED_VARIABLE = YES;
				MACOSX_DEPLOYMENT_TARGET = 10.14;
				MTL_ENABLE_DEBUG_INFO = NO;
				MTL_FAST_MATH = YES;
				SDKROOT = macosx;
			};
			name = Release;
		};
		15DDBCC523193760000AD3D8 /* Debug */ = {
			isa = XCBuildConfiguration;
			buildSettings = {
				ASSETCATALOG_COMPILER_APPICON_NAME = AppIcon;
				CODE_SIGN_ENTITLEMENTS = c12tt/c12tt.entitlements;
				CODE_SIGN_STYLE = Automatic;
				COMBINE_HIDPI_IMAGES = YES;
				DEVELOPMENT_TEAM = 8X3BC4FCUV;
				INFOPLIST_FILE = c12tt/Info.plist;
				LD_RUNPATH_SEARCH_PATHS = (
					"$(inherited)",
					"@executable_path/../Frameworks",
				);
				PRODUCT_BUNDLE_IDENTIFIER = com.witsoftware.wmctt;
				PRODUCT_NAME = "$(TARGET_NAME)";
			};
			name = Debug;
		};
		15DDBCC623193760000AD3D8 /* Release */ = {
			isa = XCBuildConfiguration;
			buildSettings = {
				ASSETCATALOG_COMPILER_APPICON_NAME = AppIcon;
				CODE_SIGN_ENTITLEMENTS = c12tt/c12tt.entitlements;
				CODE_SIGN_STYLE = Automatic;
				COMBINE_HIDPI_IMAGES = YES;
				DEVELOPMENT_TEAM = 8X3BC4FCUV;
				INFOPLIST_FILE = c12tt/Info.plist;
				LD_RUNPATH_SEARCH_PATHS = (
					"$(inherited)",
					"@executable_path/../Frameworks",
				);
				PRODUCT_BUNDLE_IDENTIFIER = com.witsoftware.wmctt;
				PRODUCT_NAME = "$(TARGET_NAME)";
			};
			name = Release;
		};
/* End XCBuildConfiguration section */

/* Begin XCConfigurationList section */
		15DDBCAB2319375F000AD3D8 /* Build configuration list for PBXProject "c12tt" */ = {
			isa = XCConfigurationList;
			buildConfigurations = (
				15DDBCC223193760000AD3D8 /* Debug */,
				15DDBCC323193760000AD3D8 /* Release */,
			);
			defaultConfigurationIsVisible = 0;
			defaultConfigurationName = Release;
		};
		15DDBCC423193760000AD3D8 /* Build configuration list for PBXNativeTarget "c12tt" */ = {
			isa = XCConfigurationList;
			buildConfigurations = (
				15DDBCC523193760000AD3D8 /* Debug */,
				15DDBCC623193760000AD3D8 /* Release */,
			);
			defaultConfigurationIsVisible = 0;
			defaultConfigurationName = Release;
		};
/* End XCConfigurationList section */
	};
	rootObject = 15DDBCA82319375F000AD3D8 /* Project object */;
}
